
Microsoft Visual Studio Solution File, Format Version 12.00
# Visual Studio Version 16
VisualStudioVersion = 16.0.34031.81
MinimumVisualStudioVersion = 10.0.40219.1
Project("{F184B08F-C81C-45F6-A57F-5ABD9991F28F}") = "Aplikasi Penjualan TI-P3", "Aplikasi Penjualan TI-P3\Aplikasi Penjualan TI-P3.vbproj", "{50B80BAD-35ED-4AE6-B85D-6883E1C14907}"
EndProject
Global
	GlobalSection(SolutionConfigurationPlatforms) = preSolution
		Debug|Any CPU = Debug|Any CPU
		Release|Any CPU = Release|Any CPU
	EndGlobalSection
	GlobalSection(ProjectConfigurationPlatforms) = postSolution
		{50B80BAD-35ED-4AE6-B85D-6883E1C14907}.Debug|Any CPU.ActiveCfg = Debug|Any CPU
		{50B80BAD-35ED-4AE6-B85D-6883E1C14907}.Debug|Any CPU.Build.0 = Debug|Any CPU
		{50B80BAD-35ED-4AE6-B85D-6883E1C14907}.Release|Any CPU.ActiveCfg = Release|Any CPU
		{50B80BAD-35ED-4AE6-B85D-6883E1C14907}.Release|Any CPU.Build.0 = Release|Any CPU
	EndGlobalSection
	GlobalSection(SolutionProperties) = preSolution
		HideSolutionNode = FALSE
	EndGlobalSection
	GlobalSection(ExtensibilityGlobals) = postSolution
		SolutionGuid = {239AB27C-9DC6-4F6D-A4AC-052DFE949B1F}
	EndGlobalSection
EndGlobal
