
Microsoft Visual Studio Solution File, Format Version 12.00
# Visual Studio Version 16
VisualStudioVersion = 16.0.34031.81
MinimumVisualStudioVersion = 10.0.40219.1
Project("{54435603-DBB4-11D2-8724-00A0C9A8B90C}") = "Setup Revisi", "Setup Revisi\Setup Revisi.vdproj", "{92A11B6D-43B8-477A-BFA7-B68106B33DB3}"
EndProject
Global
	GlobalSection(SolutionConfigurationPlatforms) = preSolution
		Debug|Default = Debug|Default
		Release|Default = Release|Default
	EndGlobalSection
	GlobalSection(ProjectConfigurationPlatforms) = postSolution
		{92A11B6D-43B8-477A-BFA7-B68106B33DB3}.Debug|Default.ActiveCfg = Debug
		{92A11B6D-43B8-477A-BFA7-B68106B33DB3}.Debug|Default.Build.0 = Debug
		{92A11B6D-43B8-477A-BFA7-B68106B33DB3}.Release|Default.ActiveCfg = Release
		{92A11B6D-43B8-477A-BFA7-B68106B33DB3}.Release|Default.Build.0 = Release
	EndGlobalSection
	GlobalSection(SolutionProperties) = preSolution
		HideSolutionNode = FALSE
	EndGlobalSection
	GlobalSection(ExtensibilityGlobals) = postSolution
		SolutionGuid = {CE9EC4E2-3666-496F-8908-5A852D596993}
	EndGlobalSection
EndGlobal
